<?xml version="1.0" encoding="utf-8"?>
<Project ToolsVersion="4.0" xmlns="http://schemas.microsoft.com/developer/msbuild/2003">
  <ItemGroup>
    <Filter Include="Generated Files">
      <UniqueIdentifier>{71ED8ED8-ACB9-4CE9-BBE1-E00B30144E11}</UniqueIdentifier>
      <Extensions>cpp;c;cxx;moc;h;def;odl;idl;res;</Extensions>
    </Filter>
    <Filter Include="Generated Files">
      <UniqueIdentifier>{71ED8ED8-ACB9-4CE9-BBE1-E00B30144E11}</UniqueIdentifier>
      <Extensions>cpp;c;cxx;moc;h;def;odl;idl;res;</Extensions>
    </Filter>
    <Filter Include="Header Files">
      <UniqueIdentifier>{93995380-89BD-4b04-88EB-625FBE52EBFB}</UniqueIdentifier>
      <Extensions>h;hpp;hxx;hm;inl;inc;xsd</Extensions>
    </Filter>
    <Filter Include="Header Files">
      <UniqueIdentifier>{93995380-89BD-4b04-88EB-625FBE52EBFB}</UniqueIdentifier>
      <Extensions>h;hpp;hxx;hm;inl;inc;xsd</Extensions>
    </Filter>
    <Filter Include="Source Files">
      <UniqueIdentifier>{4FC737F1-C7A5-4376-A066-2A32D752A2FF}</UniqueIdentifier>
      <Extensions>cpp;c;cxx;def;odl;idl;hpj;bat;asm;asmx</Extensions>
    </Filter>
    <Filter Include="Source Files">
      <UniqueIdentifier>{4FC737F1-C7A5-4376-A066-2A32D752A2FF}</UniqueIdentifier>
      <Extensions>cpp;c;cxx;def;odl;idl;hpj;bat;asm;asmx</Extensions>
    </Filter>
    <Filter Include="src">
      <UniqueIdentifier>{37e533fa-1829-48f9-a522-1679638ec442}</UniqueIdentifier>
    </Filter>
    <Filter Include="src\module">
      <UniqueIdentifier>{e92b4398-bca9-4fdc-ad59-c14ff470d4b2}</UniqueIdentifier>
    </Filter>
    <Filter Include="src\module\text">
      <UniqueIdentifier>{83c937b3-997e-451d-a0fa-c18eaaea2b24}</UniqueIdentifier>
    </Filter>
    <Filter Include="src\module\text\impl">
      <UniqueIdentifier>{b2c0d442-d822-48d8-b0c3-5b20b51c0c28}</UniqueIdentifier>
    </Filter>
  </ItemGroup>
  <ItemGroup>
    <ClCompile Include="main.cpp">
      <Filter>Source Files</Filter>
    </ClCompile>
    <ClCompile Include="textpad.cpp">
      <Filter>Source Files</Filter>
    </ClCompile>
    <ClCompile Include="docmodel.cpp">
      <Filter>Source Files</Filter>
    </ClCompile>
    <ClCompile Include="font_info.cpp">
      <Filter>Source Files</Filter>
    </ClCompile>
    <ClCompile Include="composer.cpp">
      <Filter>Source Files</Filter>
    </ClCompile>
    <ClCompile Include="src\module\text\impl\txt_word_stream.cpp">
      <Filter>src\module\text\impl</Filter>
    </ClCompile>
  </ItemGroup>
  <ItemGroup>
    <QtMoc Include="textpad.h">
      <Filter>Header Files</Filter>
    </QtMoc>
  </ItemGroup>
  <ItemGroup>
    <CustomBuild Include="debug\moc_predefs.h.cbt">
      <Filter>Generated Files</Filter>
    </CustomBuild>
    <CustomBuild Include="release\moc_predefs.h.cbt">
      <Filter>Generated Files</Filter>
    </CustomBuild>
  </ItemGroup>
  <ItemGroup>
    <ClInclude Include="docmodel.h">
      <Filter>Header Files</Filter>
    </ClInclude>
    <ClInclude Include="doc_model_define.h">
      <Filter>Header Files</Filter>
    </ClInclude>
    <ClInclude Include="font_info.h">
      <Filter>Header Files</Filter>
    </ClInclude>
    <ClInclude Include="composer.h">
      <Filter>Header Files</Filter>
    </ClInclude>
    <ClInclude Include="src\module\text\impl\txt_word_stream.h">
      <Filter>src\module\text</Filter>
    </ClInclude>
    <ClInclude Include="src\module\text\char_instream.h">
      <Filter>src\module\text</Filter>
    </ClInclude>
    <ClInclude Include="src\module\text\impl\ref_content_char_instream.h">
      <Filter>src\module\text\impl</Filter>
    </ClInclude>
    <ClInclude Include="src\module\text\impl\save_content_char_instream.h">
      <Filter>src\module\text\impl</Filter>
    </ClInclude>
    <ClInclude Include="src\module\text\word_instream.h">
      <Filter>src\module\text</Filter>
    </ClInclude>
  </ItemGroup>
</Project>