<?xml version="1.0" encoding="utf-8"?>
<Project ToolsVersion="4.0" xmlns="http://schemas.microsoft.com/developer/msbuild/2003">
  <ItemGroup>
    <Filter Include="Generated Files">
      <UniqueIdentifier>{71ED8ED8-ACB9-4CE9-BBE1-E00B30144E11}</UniqueIdentifier>
      <Extensions>cpp;c;cxx;moc;h;def;odl;idl;res;</Extensions>
    </Filter>
    <Filter Include="Generated Files">
      <UniqueIdentifier>{71ED8ED8-ACB9-4CE9-BBE1-E00B30144E11}</UniqueIdentifier>
      <Extensions>cpp;c;cxx;moc;h;def;odl;idl;res;</Extensions>
    </Filter>
    <Filter Include="Header Files">
      <UniqueIdentifier>{93995380-89BD-4b04-88EB-625FBE52EBFB}</UniqueIdentifier>
      <Extensions>h;hpp;hxx;hm;inl;inc;xsd</Extensions>
    </Filter>
    <Filter Include="Header Files">
      <UniqueIdentifier>{93995380-89BD-4b04-88EB-625FBE52EBFB}</UniqueIdentifier>
      <Extensions>h;hpp;hxx;hm;inl;inc;xsd</Extensions>
    </Filter>
    <Filter Include="Source Files">
      <UniqueIdentifier>{4FC737F1-C7A5-4376-A066-2A32D752A2FF}</UniqueIdentifier>
      <Extensions>cpp;c;cxx;def;odl;idl;hpj;bat;asm;asmx</Extensions>
    </Filter>
    <Filter Include="Source Files">
      <UniqueIdentifier>{4FC737F1-C7A5-4376-A066-2A32D752A2FF}</UniqueIdentifier>
      <Extensions>cpp;c;cxx;def;odl;idl;hpj;bat;asm;asmx</Extensions>
    </Filter>
    <Filter Include="src">
      <UniqueIdentifier>{37e533fa-1829-48f9-a522-1679638ec442}</UniqueIdentifier>
    </Filter>
    <Filter Include="src\module">
      <UniqueIdentifier>{e92b4398-bca9-4fdc-ad59-c14ff470d4b2}</UniqueIdentifier>
    </Filter>
    <Filter Include="src\module\text">
      <UniqueIdentifier>{83c937b3-997e-451d-a0fa-c18eaaea2b24}</UniqueIdentifier>
    </Filter>
    <Filter Include="src\module\text\impl">
      <UniqueIdentifier>{b2c0d442-d822-48d8-b0c3-5b20b51c0c28}</UniqueIdentifier>
    </Filter>
    <Filter Include="src\util">
      <UniqueIdentifier>{6b3c24e9-8f8a-4636-bae9-d83f26864982}</UniqueIdentifier>
    </Filter>
    <Filter Include="src\module\control">
      <UniqueIdentifier>{fe3ad152-c445-4347-b712-c10d6f78c107}</UniqueIdentifier>
    </Filter>
    <Filter Include="src\module\control\impl">
      <UniqueIdentifier>{8be2a032-a87a-411c-bf2a-a199ec73c7f0}</UniqueIdentifier>
    </Filter>
    <Filter Include="src\module\view">
      <UniqueIdentifier>{c7d76c00-4864-49c0-82bf-ddcb567050fa}</UniqueIdentifier>
    </Filter>
    <Filter Include="src\module\view\impl">
      <UniqueIdentifier>{87ba22b7-89b9-4a95-b3c6-ccccb94907dc}</UniqueIdentifier>
    </Filter>
    <Filter Include="src\module\model">
      <UniqueIdentifier>{79a35c7a-1853-4de8-a903-df1656234020}</UniqueIdentifier>
    </Filter>
    <Filter Include="src\module\model\impl">
      <UniqueIdentifier>{1ee81177-97e1-4526-8339-1ef206adeb53}</UniqueIdentifier>
    </Filter>
    <Filter Include="src\module\common">
      <UniqueIdentifier>{5ac63b8a-4773-406e-b464-dde084745854}</UniqueIdentifier>
    </Filter>
  </ItemGroup>
  <ItemGroup>
    <ClCompile Include="main.cpp">
      <Filter>Source Files</Filter>
    </ClCompile>
    <ClCompile Include="textpad.cpp">
      <Filter>Source Files</Filter>
    </ClCompile>
    <ClCompile Include="docmodel.cpp">
      <Filter>Source Files</Filter>
    </ClCompile>
    <ClCompile Include="font_info.cpp">
      <Filter>Source Files</Filter>
    </ClCompile>
    <ClCompile Include="composer.cpp">
      <Filter>Source Files</Filter>
    </ClCompile>
    <ClCompile Include="src\module\text\impl\txt_word_stream.cpp">
      <Filter>src\module\text\impl</Filter>
    </ClCompile>
    <ClCompile Include="src\util\fileutil.cpp">
      <Filter>src\util</Filter>
    </ClCompile>
    <ClCompile Include="panel.cpp">
      <Filter>Source Files</Filter>
    </ClCompile>
    <ClCompile Include="src\module\view\view.cpp">
      <Filter>src\module\view</Filter>
    </ClCompile>
    <ClCompile Include="src\module\view\font.cpp">
      <Filter>src\module\view</Filter>
    </ClCompile>
    <ClCompile Include="src\module\model\impl\simple_model.cpp">
      <Filter>src\module\model\impl</Filter>
    </ClCompile>
    <ClCompile Include="src\module\view\view_config.cpp">
      <Filter>src\module\view</Filter>
    </ClCompile>
    <ClCompile Include="src\module\control\doc_controller.cpp">
      <Filter>src\module\control</Filter>
    </ClCompile>
    <ClCompile Include="src\module\model\doc_addr.h">
      <Filter>src\module\model</Filter>
    </ClCompile>
    <ClCompile Include="textpad2.cpp">
      <Filter>Source Files</Filter>
    </ClCompile>
    <ClCompile Include="src\module\text\impl\txt_word_stream2.cpp">
      <Filter>src\module\text\impl</Filter>
    </ClCompile>
    <ClCompile Include="src\module\view\view_page.cpp">
      <Filter>src\module\view</Filter>
    </ClCompile>
  </ItemGroup>
  <ItemGroup>
    <QtMoc Include="textpad.h">
      <Filter>Header Files</Filter>
    </QtMoc>
  </ItemGroup>
  <ItemGroup>
    <CustomBuild Include="debug\moc_predefs.h.cbt">
      <Filter>Generated Files</Filter>
    </CustomBuild>
    <CustomBuild Include="release\moc_predefs.h.cbt">
      <Filter>Generated Files</Filter>
    </CustomBuild>
  </ItemGroup>
  <ItemGroup>
    <ClInclude Include="docmodel.h">
      <Filter>Header Files</Filter>
    </ClInclude>
    <ClInclude Include="doc_model_define.h">
      <Filter>Header Files</Filter>
    </ClInclude>
    <ClInclude Include="font_info.h">
      <Filter>Header Files</Filter>
    </ClInclude>
    <ClInclude Include="composer.h">
      <Filter>Header Files</Filter>
    </ClInclude>
    <ClInclude Include="src\module\text\char_instream.h">
      <Filter>src\module\text</Filter>
    </ClInclude>
    <ClInclude Include="src\module\text\impl\ref_content_char_instream.h">
      <Filter>src\module\text\impl</Filter>
    </ClInclude>
    <ClInclude Include="src\module\text\impl\save_content_char_instream.h">
      <Filter>src\module\text\impl</Filter>
    </ClInclude>
    <ClInclude Include="src\module\text\word_instream.h">
      <Filter>src\module\text</Filter>
    </ClInclude>
    <ClInclude Include="src\module\text\impl\txt_word_stream.h">
      <Filter>src\module\text\impl</Filter>
    </ClInclude>
    <ClInclude Include="src\util\fileutil.h">
      <Filter>src\util</Filter>
    </ClInclude>
    <ClInclude Include="src\util\delete_helper.h">
      <Filter>src\util</Filter>
    </ClInclude>
    <ClInclude Include="panel.h">
      <Filter>Header Files</Filter>
    </ClInclude>
    <ClInclude Include="src\module\view\view.h">
      <Filter>src\module\view</Filter>
    </ClInclude>
    <ClInclude Include="src\module\model\model.h">
      <Filter>src\module\model</Filter>
    </ClInclude>
    <ClInclude Include="src\module\model\model_define.h">
      <Filter>src\module\model</Filter>
    </ClInclude>
    <ClInclude Include="src\module\view\char_draw_info.h">
      <Filter>src\module\view</Filter>
    </ClInclude>
    <ClInclude Include="src\module\view\font.h">
      <Filter>src\module\view</Filter>
    </ClInclude>
    <ClInclude Include="src\module\view\view_config.h">
      <Filter>src\module\view</Filter>
    </ClInclude>
    <ClInclude Include="src\module\model\line.h">
      <Filter>src\module\model</Filter>
    </ClInclude>
    <ClInclude Include="src\util\stl_container_util.h">
      <Filter>src\util</Filter>
    </ClInclude>
    <ClInclude Include="src\module\model\impl\simple_model.h">
      <Filter>src\module\model\impl</Filter>
    </ClInclude>
    <ClInclude Include="src\module\model\impl\simple_line.h">
      <Filter>src\module\model\impl</Filter>
    </ClInclude>
    <ClInclude Include="src\module\control\doc_controller.h">
      <Filter>src\module\control</Filter>
    </ClInclude>
    <ClInclude Include="src\module\control\doc_cursor.h">
      <Filter>src\module\control</Filter>
    </ClInclude>
    <ClInclude Include="src\module\text\char_instream2.h">
      <Filter>src\module\text</Filter>
    </ClInclude>
    <ClInclude Include="src\module\common\common_define.h">
      <Filter>src\module\common</Filter>
    </ClInclude>
    <ClInclude Include="src\module\text\word_instream2.h">
      <Filter>src\module\text</Filter>
    </ClInclude>
    <ClInclude Include="src\module\text\impl\ref_content_char_instream2.h">
      <Filter>src\module\text\impl</Filter>
    </ClInclude>
    <ClInclude Include="src\module\text\impl\doc_line_char_instream.h">
      <Filter>src\module\text\impl</Filter>
    </ClInclude>
    <ClInclude Include="src\module\text\impl\txt_word_stream2.h">
      <Filter>src\module\text\impl</Filter>
    </ClInclude>
    <ClInclude Include="textpad2.h">
      <Filter>Header Files</Filter>
    </ClInclude>
    <ClInclude Include="src\module\view\view_page.h">
      <Filter>src\module\view</Filter>
    </ClInclude>
    <ClInclude Include="src\module\view\view_addr.h">
      <Filter>src\module\view</Filter>
    </ClInclude>
  </ItemGroup>
</Project>