
Microsoft Visual Studio Solution File, Format Version 12.00
# Visual Studio 15
VisualStudioVersion = 15.0.27428.2027
MinimumVisualStudioVersion = 10.0.40219.1
Project("{8BC9CEB8-8B4A-11D0-8D11-00A0C91BC942}") = "notesharp", "notesharp.vcxproj", "{4AE50A75-8716-3BF8-A946-9A8606D72E3E}"
EndProject
Project("{2150E333-8FDC-42A3-9474-1A3956D46DE8}") = "third_party", "third_party", "{23122E49-6C35-4CE9-9978-DFFC281A8E2E}"
EndProject
Project("{8BC9CEB8-8B4A-11D0-8D11-00A0C91BC942}") = "libiconv-static", "third_party\libiconv-win-build-master\build-VS2015\libiconv-static\libiconv-static.vcxproj", "{46CAFE4A-B5BD-4422-ACC6-117D4AD041E2}"
EndProject
Global
	GlobalSection(SolutionConfigurationPlatforms) = preSolution
		Debug|x64 = Debug|x64
		Debug|x86 = Debug|x86
		Release|x64 = Release|x64
		Release|x86 = Release|x86
	EndGlobalSection
	GlobalSection(ProjectConfigurationPlatforms) = postSolution
		{4AE50A75-8716-3BF8-A946-9A8606D72E3E}.Debug|x64.ActiveCfg = Debug|x64
		{4AE50A75-8716-3BF8-A946-9A8606D72E3E}.Debug|x64.Build.0 = Debug|x64
		{4AE50A75-8716-3BF8-A946-9A8606D72E3E}.Debug|x86.ActiveCfg = Debug|x64
		{4AE50A75-8716-3BF8-A946-9A8606D72E3E}.Release|x64.ActiveCfg = Release|x64
		{4AE50A75-8716-3BF8-A946-9A8606D72E3E}.Release|x64.Build.0 = Release|x64
		{4AE50A75-8716-3BF8-A946-9A8606D72E3E}.Release|x86.ActiveCfg = Release|x64
		{46CAFE4A-B5BD-4422-ACC6-117D4AD041E2}.Debug|x64.ActiveCfg = Debug|x64
		{46CAFE4A-B5BD-4422-ACC6-117D4AD041E2}.Debug|x64.Build.0 = Debug|x64
		{46CAFE4A-B5BD-4422-ACC6-117D4AD041E2}.Debug|x86.ActiveCfg = Debug|Win32
		{46CAFE4A-B5BD-4422-ACC6-117D4AD041E2}.Debug|x86.Build.0 = Debug|Win32
		{46CAFE4A-B5BD-4422-ACC6-117D4AD041E2}.Release|x64.ActiveCfg = Release|x64
		{46CAFE4A-B5BD-4422-ACC6-117D4AD041E2}.Release|x64.Build.0 = Release|x64
		{46CAFE4A-B5BD-4422-ACC6-117D4AD041E2}.Release|x86.ActiveCfg = Release|Win32
		{46CAFE4A-B5BD-4422-ACC6-117D4AD041E2}.Release|x86.Build.0 = Release|Win32
	EndGlobalSection
	GlobalSection(SolutionProperties) = preSolution
		HideSolutionNode = FALSE
	EndGlobalSection
	GlobalSection(NestedProjects) = preSolution
		{46CAFE4A-B5BD-4422-ACC6-117D4AD041E2} = {23122E49-6C35-4CE9-9978-DFFC281A8E2E}
	EndGlobalSection
	GlobalSection(ExtensibilityGlobals) = postSolution
		SolutionGuid = {CD6D0090-185C-47B6-B875-56365396B436}
	EndGlobalSection
EndGlobal
