<?xml version="1.0" encoding="utf-8"?>
<Project ToolsVersion="16.0" xmlns="http://schemas.microsoft.com/developer/msbuild/2003">
  <ItemGroup>
    <CustomBuild Include="D:\code\notesharp\build2\CMakeFiles\de4b7eeddd3fd625402ce1b1facd8f4b\generate.stamp.rule">
      <Filter>CMake Rules</Filter>
    </CustomBuild>
  </ItemGroup>
  <ItemGroup>
    <Filter Include="CMake Rules">
      <UniqueIdentifier>{DCEDD4EA-4BEA-3FFD-9428-F1E465861E32}</UniqueIdentifier>
    </Filter>
  </ItemGroup>
</Project>
